
Microsoft Visual Studio Solution File, Format Version 12.00
# Visual Studio Version 17
VisualStudioVersion = 17.3.32929.385
MinimumVisualStudioVersion = 10.0.40219.1
Project("{FAE04EC0-301F-11D3-BF4B-00C04F79EFBC}") = "HernandezSilvia1265011", "HernandezSilvia1265011\HernandezSilvia1265011.csproj", "{AB8EF586-2500-421F-90B6-0E88A7D4A1FD}"
EndProject
Global
	GlobalSection(SolutionConfigurationPlatforms) = preSolution
		Debug|Any CPU = Debug|Any CPU
		Release|Any CPU = Release|Any CPU
	EndGlobalSection
	GlobalSection(ProjectConfigurationPlatforms) = postSolution
		{AB8EF586-2500-421F-90B6-0E88A7D4A1FD}.Debug|Any CPU.ActiveCfg = Debug|Any CPU
		{AB8EF586-2500-421F-90B6-0E88A7D4A1FD}.Debug|Any CPU.Build.0 = Debug|Any CPU
		{AB8EF586-2500-421F-90B6-0E88A7D4A1FD}.Release|Any CPU.ActiveCfg = Release|Any CPU
		{AB8EF586-2500-421F-90B6-0E88A7D4A1FD}.Release|Any CPU.Build.0 = Release|Any CPU
	EndGlobalSection
	GlobalSection(SolutionProperties) = preSolution
		HideSolutionNode = FALSE
	EndGlobalSection
	GlobalSection(ExtensibilityGlobals) = postSolution
		SolutionGuid = {3F9BD92E-C43D-42BF-9C7B-77AC010CA297}
	EndGlobalSection
EndGlobal
